Microsoft Visual Studio Solution File, Format Version 12.00
# Visual Studio 2012
Project("{FAE04EC0-301F-11D3-BF4B-00C04F79EFBC}") = "Collision-Test", "Collision-Test.csproj", "{2C5BB30F-77D6-461E-BBFA-9138C1FAF3BF}"
EndProject
Global
	GlobalSection(SolutionConfigurationPlatforms) = preSolution
	Debug|Any CPU = Debug|Any CPU
	ExportDebug|Any CPU = ExportDebug|Any CPU
	ExportRelease|Any CPU = ExportRelease|Any CPU
	EndGlobalSection
	GlobalSection(ProjectConfigurationPlatforms) = postSolution
		{2C5BB30F-77D6-461E-BBFA-9138C1FAF3BF}.Debug|Any CPU.ActiveCfg = Debug|Any CPU
		{2C5BB30F-77D6-461E-BBFA-9138C1FAF3BF}.Debug|Any CPU.Build.0 = Debug|Any CPU
		{2C5BB30F-77D6-461E-BBFA-9138C1FAF3BF}.ExportDebug|Any CPU.ActiveCfg = ExportDebug|Any CPU
		{2C5BB30F-77D6-461E-BBFA-9138C1FAF3BF}.ExportDebug|Any CPU.Build.0 = ExportDebug|Any CPU
		{2C5BB30F-77D6-461E-BBFA-9138C1FAF3BF}.ExportRelease|Any CPU.ActiveCfg = ExportRelease|Any CPU
		{2C5BB30F-77D6-461E-BBFA-9138C1FAF3BF}.ExportRelease|Any CPU.Build.0 = ExportRelease|Any CPU
	EndGlobalSection
EndGlobal
